<?xml version="1.0" encoding="utf-8"?>
<Project ToolsVersion="4.0" xmlns="http://schemas.microsoft.com/developer/msbuild/2003">
  <ItemGroup>
    <Filter Include="Source Files">
      <UniqueIdentifier>{4FC737F1-C7A5-4376-A066-2A32D752A2FF}</UniqueIdentifier>
      <Extensions>cpp;c;cc;cxx;def;odl;idl;hpj;bat;asm;asmx</Extensions>
    </Filter>
    <Filter Include="Main">
      <UniqueIdentifier>{67DA6AB6-F800-4c08-8B7A-83BB121AAD01}</UniqueIdentifier>
      <Extensions>rc;ico;cur;bmp;dlg;rc2;rct;bin;rgs;gif;jpg;jpeg;jpe;resx;tiff;tif;png;wav;mfcribbon-ms</Extensions>
    </Filter>
    <Filter Include="Header Files">
      <UniqueIdentifier>{93995380-89BD-4b04-88EB-625FBE52EBFB}</UniqueIdentifier>
      <Extensions>h;hh;hpp;hxx;hm;inl;inc;ipp;xsd</Extensions>
    </Filter>
    <Filter Include="Header Files\BinaryRW">
      <UniqueIdentifier>{966cfc4b-71d5-4ed0-9f19-17472e68730f}</UniqueIdentifier>
    </Filter>
    <Filter Include="Header Files\StressfieldR">
      <UniqueIdentifier>{e195cd5c-7d07-484a-842a-bae0de46066b}</UniqueIdentifier>
    </Filter>
  </ItemGroup>
  <ItemGroup>
    <ClInclude Include="..\BinaryReader.h">
      <Filter>Header Files\BinaryRW</Filter>
    </ClInclude>
    <ClInclude Include="..\BinaryWriter.h">
      <Filter>Header Files\BinaryRW</Filter>
    </ClInclude>
    <ClInclude Include="..\StressFieldReader.h">
      <Filter>Header Files\StressfieldR</Filter>
    </ClInclude>
    <ClInclude Include="..\ErrorLogger.h">
      <Filter>Header Files</Filter>
    </ClInclude>
    <ClInclude Include="..\StringConverter.h">
      <Filter>Header Files</Filter>
    </ClInclude>
    <ClInclude Include="..\linearIndex.h">
      <Filter>Header Files</Filter>
    </ClInclude>
    <ClInclude Include="..\StressField.h">
      <Filter>Header Files</Filter>
    </ClInclude>
    <ClInclude Include="..\StressFieldOptions.h">
      <Filter>Header Files</Filter>
    </ClInclude>
    <ClInclude Include="..\StressTensor.h">
      <Filter>Header Files</Filter>
    </ClInclude>
  </ItemGroup>
  <ItemGroup>
    <ClCompile Include="..\BinaryReader.cpp">
      <Filter>Source Files</Filter>
    </ClCompile>
    <ClCompile Include="..\BinaryWriter.cpp">
      <Filter>Source Files</Filter>
    </ClCompile>
    <ClCompile Include="main.cpp">
      <Filter>Main</Filter>
    </ClCompile>
    <ClCompile Include="..\ErrorLogger.cpp">
      <Filter>Source Files</Filter>
    </ClCompile>
    <ClCompile Include="..\StressField.cpp">
      <Filter>Source Files</Filter>
    </ClCompile>
  </ItemGroup>
</Project>